// !$*UTF8*$!
{
	archiveVersion = 1;
	classes = {
	};
	objectVersion = 50;
	objects = {

/* Begin PBXBuildFile section */
		EFDE19C42532BEC8008E5E0A /* AppDelegate.swift in Sources */ = {isa = PBXBuildFile; fileRef = EFDE19C32532BEC8008E5E0A /* AppDelegate.swift */; };
		EFDE19C62532BEC8008E5E0A /* SceneDelegate.swift in Sources */ = {isa = PBXBuildFile; fileRef = EFDE19C52532BEC8008E5E0A /* SceneDelegate.swift */; };
		EFDE19C82532BEC8008E5E0A /* ViewController.swift in Sources */ = {isa = PBXBuildFile; fileRef = EFDE19C72532BEC8008E5E0A /* ViewController.swift */; };
		EFDE19CB2532BEC8008E5E0A /* Main.storyboard in Resources */ = {isa = PBXBuildFile; fileRef = EFDE19C92532BEC8008E5E0A /* Main.storyboard */; };
		EFDE19CD2532BECC008E5E0A /* Assets.xcassets in Resources */ = {isa = PBXBuildFile; fileRef = EFDE19CC2532BECC008E5E0A /* Assets.xcassets */; };
		EFDE19D02532BECC008E5E0A /* LaunchScreen.storyboard in Resources */ = {isa = PBXBuildFile; fileRef = EFDE19CE2532BECC008E5E0A /* LaunchScreen.storyboard */; };
		EFDE19D82532C169008E5E0A /* CollectionViewLayout.swift in Sources */ = {isa = PBXBuildFile; fileRef = EFDE19D72532C169008E5E0A /* CollectionViewLayout.swift */; };
		EFDE19DA2532C1C9008E5E0A /* CollectionViewCell.swift in Sources */ = {isa = PBXBuildFile; fileRef = EFDE19D92532C1C9008E5E0A /* CollectionViewCell.swift */; };
/* End PBXBuildFile section */

/* Begin PBXFileReference section */
		EFDE19C02532BEC8008E5E0A /* CarouselDemo.app */ = {isa = PBXFileReference; explicitFileType = wrapper.application; includeInIndex = 0; path = CarouselDemo.app; sourceTree = BUILT_PRODUCTS_DIR; };
		EFDE19C32532BEC8008E5E0A /* AppDelegate.swift */ = {isa = PBXFileReference; lastKnownFileType = sourcecode.swift; path = AppDelegate.swift; sourceTree = "<group>"; };
		EFDE19C52532BEC8008E5E0A /* SceneDelegate.swift */ = {isa = PBXFileReference; lastKnownFileType = sourcecode.swift; path = SceneDelegate.swift; sourceTree = "<group>"; };
		EFDE19C72532BEC8008E5E0A /* ViewController.swift */ = {isa = PBXFileReference; lastKnownFileType = sourcecode.swift; path = ViewController.swift; sourceTree = "<group>"; };
		EFDE19CA2532BEC8008E5E0A /* Base */ = {isa = PBXFileReference; lastKnownFileType = file.storyboard; name = Base; path = Base.lproj/Main.storyboard; sourceTree = "<group>"; };
		EFDE19CC2532BECC008E5E0A /* Assets.xcassets */ = {isa = PBXFileReference; lastKnownFileType = folder.assetcatalog; path = Assets.xcassets; sourceTree = "<group>"; };
		EFDE19CF2532BECC008E5E0A /* Base */ = {isa = PBXFileReference; lastKnownFileType = file.storyboard; name = Base; path = Base.lproj/LaunchScreen.storyboard; sourceTree = "<group>"; };
		EFDE19D12532BECC008E5E0A /* Info.plist */ = {isa = PBXFileReference; lastKnownFileType = text.plist.xml; path = Info.plist; sourceTree = "<group>"; };
		EFDE19D72532C169008E5E0A /* CollectionViewLayout.swift */ = {isa = PBXFileReference; lastKnownFileType = sourcecode.swift; path = CollectionViewLayout.swift; sourceTree = "<group>"; };
		EFDE19D92532C1C9008E5E0A /* CollectionViewCell.swift */ = {isa = PBXFileReference; lastKnownFileType = sourcecode.swift; path = CollectionViewCell.swift; sourceTree = "<group>"; };
/* End PBXFileReference section */

/* Begin PBXFrameworksBuildPhase section */
		EFDE19BD2532BEC8008E5E0A /* Frameworks */ = {
			isa = PBXFrameworksBuildPhase;
			buildActionMask = 2147483647;
			files = (
			);
			runOnlyForDeploymentPostprocessing = 0;
		};
/* End PBXFrameworksBuildPhase section */

/* Begin PBXGroup section */
		EFDE19B72532BEC8008E5E0A = {
			isa = PBXGroup;
			children = (
				EFDE19C22532BEC8008E5E0A /* CarouselDemo */,
				EFDE19C12532BEC8008E5E0A /* Products */,
			);
			sourceTree = "<group>";
		};
		EFDE19C12532BEC8008E5E0A /* Products */ = {
			isa = PBXGroup;
			children = (
				EFDE19C02532BEC8008E5E0A /* CarouselDemo.app */,
			);
			name = Products;
			sourceTree = "<group>";
		};
		EFDE19C22532BEC8008E5E0A /* CarouselDemo */ = {
			isa = PBXGroup;
			children = (
				EFDE19C32532BEC8008E5E0A /* AppDelegate.swift */,
				EFDE19C52532BEC8008E5E0A /* SceneDelegate.swift */,
				EFDE19C72532BEC8008E5E0A /* ViewController.swift */,
				EFDE19C92532BEC8008E5E0A /* Main.storyboard */,
				EFDE19CC2532BECC008E5E0A /* Assets.xcassets */,
				EFDE19CE2532BECC008E5E0A /* LaunchScreen.storyboard */,
				EFDE19D12532BECC008E5E0A /* Info.plist */,
				EFDE19D72532C169008E5E0A /* CollectionViewLayout.swift */,
				EFDE19D92532C1C9008E5E0A /* CollectionViewCell.swift */,
			);
			path = CarouselDemo;
			sourceTree = "<group>";
		};
/* End PBXGroup section */

/* Begin PBXNativeTarget section */
		EFDE19BF2532BEC8008E5E0A /* CarouselDemo */ = {
			isa = PBXNativeTarget;
			buildConfigurationList = EFDE19D42532BECC008E5E0A /* Build configuration list for PBXNativeTarget "CarouselDemo" */;
			buildPhases = (
				EFDE19BC2532BEC8008E5E0A /* Sources */,
				EFDE19BD2532BEC8008E5E0A /* Frameworks */,
				EFDE19BE2532BEC8008E5E0A /* Resources */,
			);
			buildRules = (
			);
			dependencies = (
			);
			name = CarouselDemo;
			productName = CarouselDemo;
			productReference = EFDE19C02532BEC8008E5E0A /* CarouselDemo.app */;
			productType = "com.apple.product-type.application";
		};
/* End PBXNativeTarget section */

/* Begin PBXProject section */
		EFDE19B82532BEC8008E5E0A /* Project object */ = {
			isa = PBXProject;
			attributes = {
				LastSwiftUpdateCheck = 1170;
				LastUpgradeCheck = 1170;
				ORGANIZATIONNAME = "Nguyen Manh Hung";
				TargetAttributes = {
					EFDE19BF2532BEC8008E5E0A = {
						CreatedOnToolsVersion = 11.7;
					};
				};
			};
			buildConfigurationList = EFDE19BB2532BEC8008E5E0A /* Build configuration list for PBXProject "CarouselDemo" */;
			compatibilityVersion = "Xcode 9.3";
			developmentRegion = en;
			hasScannedForEncodings = 0;
			knownRegions = (
				en,
				Base,
			);
			mainGroup = EFDE19B72532BEC8008E5E0A;
			productRefGroup = EFDE19C12532BEC8008E5E0A /* Products */;
			projectDirPath = "";
			projectRoot = "";
			targets = (
				EFDE19BF2532BEC8008E5E0A /* CarouselDemo */,
			);
		};
/* End PBXProject section */

/* Begin PBXResourcesBuildPhase section */
		EFDE19BE2532BEC8008E5E0A /* Resources */ = {
			isa = PBXResourcesBuildPhase;
			buildActionMask = 2147483647;
			files = (
				EFDE19D02532BECC008E5E0A /* LaunchScreen.storyboard in Resources */,
				EFDE19CD2532BECC008E5E0A /* Assets.xcassets in Resources */,
				EFDE19CB2532BEC8008E5E0A /* Main.storyboard in Resources */,
			);
			runOnlyForDeploymentPostprocessing = 0;
		};
/* End PBXResourcesBuildPhase section */

/* Begin PBXSourcesBuildPhase section */
		EFDE19BC2532BEC8008E5E0A /* Sources */ = {
			isa = PBXSourcesBuildPhase;
			buildActionMask = 2147483647;
			files = (
				EFDE19DA2532C1C9008E5E0A /* CollectionViewCell.swift in Sources */,
				EFDE19C82532BEC8008E5E0A /* ViewController.swift in Sources */,
				EFDE19C42532BEC8008E5E0A /* AppDelegate.swift in Sources */,
				EFDE19D82532C169008E5E0A /* CollectionViewLayout.swift in Sources */,
				EFDE19C62532BEC8008E5E0A /* SceneDelegate.swift in Sources */,
			);
			runOnlyForDeploymentPostprocessing = 0;
		};
/* End PBXSourcesBuildPhase section */

/* Begin PBXVariantGroup section */
		EFDE19C92532BEC8008E5E0A /* Main.storyboard */ = {
			isa = PBXVariantGroup;
			children = (
				EFDE19CA2532BEC8008E5E0A /* Base */,
			);
			name = Main.storyboard;
			sourceTree = "<group>";
		};
		EFDE19CE2532BECC008E5E0A /* LaunchScreen.storyboard */ = {
			isa = PBXVariantGroup;
			children = (
				EFDE19CF2532BECC008E5E0A /* Base */,
			);
			name = LaunchScreen.storyboard;
			sourceTree = "<group>";
		};
/* End PBXVariantGroup section */

/* Begin XCBuildConfiguration section */
		EFDE19D22532BECC008E5E0A /* Debug */ = {
			isa = XCBuildConfiguration;
			buildSettings = {
				ALWAYS_SEARCH_USER_PATHS = NO;
				CLANG_ANALYZER_NONNULL = YES;
				CLANG_ANALYZER_NUMBER_OBJECT_CONVERSION = YES_AGGRESSIVE;
				CLANG_CXX_LANGUAGE_STANDARD = "gnu++14";
				CLANG_CXX_LIBRARY = "libc++";
				CLANG_ENABLE_MODULES = YES;
				CLANG_ENABLE_OBJC_ARC = YES;
				CLANG_ENABLE_OBJC_WEAK = YES;
				CLANG_WARN_BLOCK_CAPTURE_AUTORELEASING = YES;
				CLANG_WARN_BOOL_CONVERSION = YES;
				CLANG_WARN_COMMA = YES;
				CLANG_WARN_CONSTANT_CONVERSION = YES;
				CLANG_WARN_DEPRECATED_OBJC_IMPLEMENTATIONS = YES;
				CLANG_WARN_DIRECT_OBJC_ISA_USAGE = YES_ERROR;
				CLANG_WARN_DOCUMENTATION_COMMENTS = YES;
				CLANG_WARN_EMPTY_BODY = YES;
				CLANG_WARN_ENUM_CONVERSION = YES;
				CLANG_WARN_INFINITE_RECURSION = YES;
				CLANG_WARN_INT_CONVERSION = YES;
				CLANG_WARN_NON_LITERAL_NULL_CONVERSION = YES;
				CLANG_WARN_OBJC_IMPLICIT_RETAIN_SELF = YES;
				CLANG_WARN_OBJC_LITERAL_CONVERSION = YES;
				CLANG_WARN_OBJC_ROOT_CLASS = YES_ERROR;
				CLANG_WARN_RANGE_LOOP_ANALYSIS = YES;
				CLANG_WARN_STRICT_PROTOTYPES = YES;
				CLANG_WARN_SUSPICIOUS_MOVE = YES;
				CLANG_WARN_UNGUARDED_AVAILABILITY = YES_AGGRESSIVE;
				CLANG_WARN_UNREACHABLE_CODE = YES;
				CLANG_WARN__DUPLICATE_METHOD_MATCH = YES;
				COPY_PHASE_STRIP = NO;
				DEBUG_INFORMATION_FORMAT = dwarf;
				ENABLE_STRICT_OBJC_MSGSEND = YES;
				ENABLE_TESTABILITY = YES;
				GCC_C_LANGUAGE_STANDARD = gnu11;
				GCC_DYNAMIC_NO_PIC = NO;
				GCC_NO_COMMON_BLOCKS = YES;
				GCC_OPTIMIZATION_LEVEL = 0;
				GCC_PREPROCESSOR_DEFINITIONS = (
					"DEBUG=1",
					"$(inherited)",
				);
				GCC_WARN_64_TO_32_BIT_CONVERSION = YES;
				GCC_WARN_ABOUT_RETURN_TYPE = YES_ERROR;
				GCC_WARN_UNDECLARED_SELECTOR = YES;
				GCC_WARN_UNINITIALIZED_AUTOS = YES_AGGRESSIVE;
				GCC_WARN_UNUSED_FUNCTION = YES;
				GCC_WARN_UNUSED_VARIABLE = YES;
				IPHONEOS_DEPLOYMENT_TARGET = 13.7;
				MTL_ENABLE_DEBUG_INFO = INCLUDE_SOURCE;
				MTL_FAST_MATH = YES;
				ONLY_ACTIVE_ARCH = YES;
				SDKROOT = iphoneos;
				SWIFT_ACTIVE_COMPILATION_CONDITIONS = DEBUG;
				SWIFT_OPTIMIZATION_LEVEL = "-Onone";
			};
			name = Debug;
		};
		EFDE19D32532BECC008E5E0A /* Release */ = {
			isa = XCBuildConfiguration;
			buildSettings = {
				ALWAYS_SEARCH_USER_PATHS = NO;
				CLANG_ANALYZER_NONNULL = YES;
				CLANG_ANALYZER_NUMBER_OBJECT_CONVERSION = YES_AGGRESSIVE;
				CLANG_CXX_LANGUAGE_STANDARD = "gnu++14";
				CLANG_CXX_LIBRARY = "libc++";
				CLANG_ENABLE_MODULES = YES;
				CLANG_ENABLE_OBJC_ARC = YES;
				CLANG_ENABLE_OBJC_WEAK = YES;
				CLANG_WARN_BLOCK_CAPTURE_AUTORELEASING = YES;
				CLANG_WARN_BOOL_CONVERSION = YES;
				CLANG_WARN_COMMA = YES;
				CLANG_WARN_CONSTANT_CONVERSION = YES;
				CLANG_WARN_DEPRECATED_OBJC_IMPLEMENTATIONS = YES;
				CLANG_WARN_DIRECT_OBJC_ISA_USAGE = YES_ERROR;
				CLANG_WARN_DOCUMENTATION_COMMENTS = YES;
				CLANG_WARN_EMPTY_BODY = YES;
				CLANG_WARN_ENUM_CONVERSION = YES;
				CLANG_WARN_INFINITE_RECURSION = YES;
				CLANG_WARN_INT_CONVERSION = YES;
				CLANG_WARN_NON_LITERAL_NULL_CONVERSION = YES;
				CLANG_WARN_OBJC_IMPLICIT_RETAIN_SELF = YES;
				CLANG_WARN_OBJC_LITERAL_CONVERSION = YES;
				CLANG_WARN_OBJC_ROOT_CLASS = YES_ERROR;
				CLANG_WARN_RANGE_LOOP_ANALYSIS = YES;
				CLANG_WARN_STRICT_PROTOTYPES = YES;
				CLANG_WARN_SUSPICIOUS_MOVE = YES;
				CLANG_WARN_UNGUARDED_AVAILABILITY = YES_AGGRESSIVE;
				CLANG_WARN_UNREACHABLE_CODE = YES;
				CLANG_WARN__DUPLICATE_METHOD_MATCH = YES;
				COPY_PHASE_STRIP = NO;
				DEBUG_INFORMATION_FORMAT = "dwarf-with-dsym";
				ENABLE_NS_ASSERTIONS = NO;
				ENABLE_STRICT_OBJC_MSGSEND = YES;
				GCC_C_LANGUAGE_STANDARD = gnu11;
				GCC_NO_COMMON_BLOCKS = YES;
				GCC_WARN_64_TO_32_BIT_CONVERSION = YES;
				GCC_WARN_ABOUT_RETURN_TYPE = YES_ERROR;
				GCC_WARN_UNDECLARED_SELECTOR = YES;
				GCC_WARN_UNINITIALIZED_AUTOS = YES_AGGRESSIVE;
				GCC_WARN_UNUSED_FUNCTION = YES;
				GCC_WARN_UNUSED_VARIABLE = YES;
				IPHONEOS_DEPLOYMENT_TARGET = 13.7;
				MTL_ENABLE_DEBUG_INFO = NO;
				MTL_FAST_MATH = YES;
				SDKROOT = iphoneos;
				SWIFT_COMPILATION_MODE = wholemodule;
				SWIFT_OPTIMIZATION_LEVEL = "-O";
				VALIDATE_PRODUCT = YES;
			};
			name = Release;
		};
		EFDE19D52532BECC008E5E0A /* Debug */ = {
			isa = XCBuildConfiguration;
			buildSettings = {
				ASSETCATALOG_COMPILER_APPICON_NAME = AppIcon;
				CODE_SIGN_STYLE = Automatic;
				INFOPLIST_FILE = CarouselDemo/Info.plist;
				LD_RUNPATH_SEARCH_PATHS = (
					"$(inherited)",
					"@executable_path/Frameworks",
				);
				PRODUCT_BUNDLE_IDENTIFIER = com.hungnm.swift.CarouselDemo;
				PRODUCT_NAME = "$(TARGET_NAME)";
				SWIFT_VERSION = 5.0;
				TARGETED_DEVICE_FAMILY = 1;
			};
			name = Debug;
		};
		EFDE19D62532BECC008E5E0A /* Release */ = {
			isa = XCBuildConfiguration;
			buildSettings = {
				ASSETCATALOG_COMPILER_APPICON_NAME = AppIcon;
				CODE_SIGN_STYLE = Automatic;
				INFOPLIST_FILE = CarouselDemo/Info.plist;
				LD_RUNPATH_SEARCH_PATHS = (
					"$(inherited)",
					"@executable_path/Frameworks",
				);
				PRODUCT_BUNDLE_IDENTIFIER = com.hungnm.swift.CarouselDemo;
				PRODUCT_NAME = "$(TARGET_NAME)";
				SWIFT_VERSION = 5.0;
				TARGETED_DEVICE_FAMILY = 1;
			};
			name = Release;
		};
/* End XCBuildConfiguration section */

/* Begin XCConfigurationList section */
		EFDE19BB2532BEC8008E5E0A /* Build configuration list for PBXProject "CarouselDemo" */ = {
			isa = XCConfigurationList;
			buildConfigurations = (
				EFDE19D22532BECC008E5E0A /* Debug */,
				EFDE19D32532BECC008E5E0A /* Release */,
			);
			defaultConfigurationIsVisible = 0;
			defaultConfigurationName = Release;
		};
		EFDE19D42532BECC008E5E0A /* Build configuration list for PBXNativeTarget "CarouselDemo" */ = {
			isa = XCConfigurationList;
			buildConfigurations = (
				EFDE19D52532BECC008E5E0A /* Debug */,
				EFDE19D62532BECC008E5E0A /* Release */,
			);
			defaultConfigurationIsVisible = 0;
			defaultConfigurationName = Release;
		};
/* End XCConfigurationList section */
	};
	rootObject = EFDE19B82532BEC8008E5E0A /* Project object */;
}
